
Microsoft Visual Studio Solution File, Format Version 12.00
# Visual Studio Version 17
VisualStudioVersion = 17.8.34511.84
MinimumVisualStudioVersion = 10.0.40219.1
Project("{2150E333-8FDC-42A3-9474-1A3956D46DE8}") = "App", "App", "{CF276CAF-2BFC-44E3-9A12-F4624A92FF2B}"
EndProject
Project("{9A19103F-16F7-4668-BE54-9A1E7A4F7556}") = "Delivery.Core", "Deliver.Core\Delivery.Core.csproj", "{B05DA8B0-8F36-45EA-A048-F46961EEC865}"
EndProject
Project("{9A19103F-16F7-4668-BE54-9A1E7A4F7556}") = "Delivery.Repository", "Delivery.Repository\Delivery.Repository.csproj", "{80E58A5A-4B5C-4666-BE74-94791B3F2995}"
EndProject
Project("{FAE04EC0-301F-11D3-BF4B-00C04F79EFBC}") = "Delivery.UI", "Delivery.UI\Delivery.UI.csproj", "{426ABAAA-E270-43AF-8AB6-D2FE431DD574}"
EndProject
Global
	GlobalSection(SolutionConfigurationPlatforms) = preSolution
		Debug|Any CPU = Debug|Any CPU
		Release|Any CPU = Release|Any CPU
	EndGlobalSection
	GlobalSection(ProjectConfigurationPlatforms) = postSolution
		{B05DA8B0-8F36-45EA-A048-F46961EEC865}.Debug|Any CPU.ActiveCfg = Debug|Any CPU
		{B05DA8B0-8F36-45EA-A048-F46961EEC865}.Debug|Any CPU.Build.0 = Debug|Any CPU
		{B05DA8B0-8F36-45EA-A048-F46961EEC865}.Release|Any CPU.ActiveCfg = Release|Any CPU
		{B05DA8B0-8F36-45EA-A048-F46961EEC865}.Release|Any CPU.Build.0 = Release|Any CPU
		{80E58A5A-4B5C-4666-BE74-94791B3F2995}.Debug|Any CPU.ActiveCfg = Debug|Any CPU
		{80E58A5A-4B5C-4666-BE74-94791B3F2995}.Debug|Any CPU.Build.0 = Debug|Any CPU
		{80E58A5A-4B5C-4666-BE74-94791B3F2995}.Release|Any CPU.ActiveCfg = Release|Any CPU
		{80E58A5A-4B5C-4666-BE74-94791B3F2995}.Release|Any CPU.Build.0 = Release|Any CPU
		{426ABAAA-E270-43AF-8AB6-D2FE431DD574}.Debug|Any CPU.ActiveCfg = Debug|Any CPU
		{426ABAAA-E270-43AF-8AB6-D2FE431DD574}.Debug|Any CPU.Build.0 = Debug|Any CPU
		{426ABAAA-E270-43AF-8AB6-D2FE431DD574}.Release|Any CPU.ActiveCfg = Release|Any CPU
		{426ABAAA-E270-43AF-8AB6-D2FE431DD574}.Release|Any CPU.Build.0 = Release|Any CPU
	EndGlobalSection
	GlobalSection(SolutionProperties) = preSolution
		HideSolutionNode = FALSE
	EndGlobalSection
	GlobalSection(NestedProjects) = preSolution
		{B05DA8B0-8F36-45EA-A048-F46961EEC865} = {CF276CAF-2BFC-44E3-9A12-F4624A92FF2B}
		{80E58A5A-4B5C-4666-BE74-94791B3F2995} = {CF276CAF-2BFC-44E3-9A12-F4624A92FF2B}
	EndGlobalSection
	GlobalSection(ExtensibilityGlobals) = postSolution
		SolutionGuid = {B78BCEDE-5586-45F6-B9DB-2807A112CE46}
	EndGlobalSection
EndGlobal
